
Microsoft Visual Studio Solution File, Format Version 12.00
# Visual Studio Version 16
VisualStudioVersion = 16.0.31424.327
MinimumVisualStudioVersion = 10.0.40219.1
Project("{FAE04EC0-301F-11D3-BF4B-00C04F79EFBC}") = "RabbitMongoJwt.API", "RabbitMongoJwt.API\RabbitMongoJwt.API.csproj", "{7F8D2D72-39D5-4F7B-81F9-99E76549BE91}"
EndProject
Project("{FAE04EC0-301F-11D3-BF4B-00C04F79EFBC}") = "RabbitMongoJwt.BL", "RabbitMongoJwt.BL\RabbitMongoJwt.BL.csproj", "{15296CC8-994C-438B-9215-46CEB9437F7A}"
EndProject
Project("{FAE04EC0-301F-11D3-BF4B-00C04F79EFBC}") = "RabbitMongoJwt.DAL", "RabbitMongoJwt.DAL\RabbitMongoJwt.DAL.csproj", "{B114195C-E819-41CE-A543-7B91ADE3A65E}"
EndProject
Project("{FAE04EC0-301F-11D3-BF4B-00C04F79EFBC}") = "Interfaces", "Interfaces\Interfaces.csproj", "{1C62444F-B038-4738-8926-E3352B06F7D3}"
EndProject
Project("{FAE04EC0-301F-11D3-BF4B-00C04F79EFBC}") = "Receiver", "Receiver\Receiver.csproj", "{FF80C066-A4AC-4C96-B48E-7CEC839743F1}"
EndProject
Global
	GlobalSection(SolutionConfigurationPlatforms) = preSolution
		Debug|Any CPU = Debug|Any CPU
		Release|Any CPU = Release|Any CPU
	EndGlobalSection
	GlobalSection(ProjectConfigurationPlatforms) = postSolution
		{7F8D2D72-39D5-4F7B-81F9-99E76549BE91}.Debug|Any CPU.ActiveCfg = Debug|Any CPU
		{7F8D2D72-39D5-4F7B-81F9-99E76549BE91}.Debug|Any CPU.Build.0 = Debug|Any CPU
		{7F8D2D72-39D5-4F7B-81F9-99E76549BE91}.Release|Any CPU.ActiveCfg = Release|Any CPU
		{7F8D2D72-39D5-4F7B-81F9-99E76549BE91}.Release|Any CPU.Build.0 = Release|Any CPU
		{15296CC8-994C-438B-9215-46CEB9437F7A}.Debug|Any CPU.ActiveCfg = Debug|Any CPU
		{15296CC8-994C-438B-9215-46CEB9437F7A}.Debug|Any CPU.Build.0 = Debug|Any CPU
		{15296CC8-994C-438B-9215-46CEB9437F7A}.Release|Any CPU.ActiveCfg = Release|Any CPU
		{15296CC8-994C-438B-9215-46CEB9437F7A}.Release|Any CPU.Build.0 = Release|Any CPU
		{B114195C-E819-41CE-A543-7B91ADE3A65E}.Debug|Any CPU.ActiveCfg = Debug|Any CPU
		{B114195C-E819-41CE-A543-7B91ADE3A65E}.Debug|Any CPU.Build.0 = Debug|Any CPU
		{B114195C-E819-41CE-A543-7B91ADE3A65E}.Release|Any CPU.ActiveCfg = Release|Any CPU
		{B114195C-E819-41CE-A543-7B91ADE3A65E}.Release|Any CPU.Build.0 = Release|Any CPU
		{1C62444F-B038-4738-8926-E3352B06F7D3}.Debug|Any CPU.ActiveCfg = Debug|Any CPU
		{1C62444F-B038-4738-8926-E3352B06F7D3}.Debug|Any CPU.Build.0 = Debug|Any CPU
		{1C62444F-B038-4738-8926-E3352B06F7D3}.Release|Any CPU.ActiveCfg = Release|Any CPU
		{1C62444F-B038-4738-8926-E3352B06F7D3}.Release|Any CPU.Build.0 = Release|Any CPU
		{FF80C066-A4AC-4C96-B48E-7CEC839743F1}.Debug|Any CPU.ActiveCfg = Debug|Any CPU
		{FF80C066-A4AC-4C96-B48E-7CEC839743F1}.Debug|Any CPU.Build.0 = Debug|Any CPU
		{FF80C066-A4AC-4C96-B48E-7CEC839743F1}.Release|Any CPU.ActiveCfg = Release|Any CPU
		{FF80C066-A4AC-4C96-B48E-7CEC839743F1}.Release|Any CPU.Build.0 = Release|Any CPU
	EndGlobalSection
	GlobalSection(SolutionProperties) = preSolution
		HideSolutionNode = FALSE
	EndGlobalSection
	GlobalSection(ExtensibilityGlobals) = postSolution
		SolutionGuid = {499798CD-86DF-44B7-9F47-CEFA47954838}
	EndGlobalSection
EndGlobal
